
Microsoft Visual Studio Solution File, Format Version 12.00
# Visual Studio 14
VisualStudioVersion = 14.0.25420.1
MinimumVisualStudioVersion = 10.0.40219.1
Project("{8BC9CEB8-8B4A-11D0-8D11-00A0C91BC942}") = "Server", "Server\Server.vcxproj", "{9B7832EC-0D4D-44E6-B896-FE9D918CD2C9}"
	ProjectSection(ProjectDependencies) = postProject
		{03ADA400-908D-4F06-B4F3-5546655FB50F} = {03ADA400-908D-4F06-B4F3-5546655FB50F}
		{0A3D3204-09C9-404A-953E-A3A7016C3EB5} = {0A3D3204-09C9-404A-953E-A3A7016C3EB5}
		{2CCEADCF-1688-42A1-9126-FB25F8EFB3BA} = {2CCEADCF-1688-42A1-9126-FB25F8EFB3BA}
		{6571ACDD-259A-47DA-A7A8-475B649E37AF} = {6571ACDD-259A-47DA-A7A8-475B649E37AF}
	EndProjectSection
EndProject
Project("{8BC9CEB8-8B4A-11D0-8D11-00A0C91BC942}") = "Config", "Config\Config.vcxproj", "{03ADA400-908D-4F06-B4F3-5546655FB50F}"
EndProject
Project("{8BC9CEB8-8B4A-11D0-8D11-00A0C91BC942}") = "Database", "Database\Database.vcxproj", "{2CCEADCF-1688-42A1-9126-FB25F8EFB3BA}"
EndProject
Project("{8BC9CEB8-8B4A-11D0-8D11-00A0C91BC942}") = "Protocol", "Protocol\Protocol.vcxproj", "{0A3D3204-09C9-404A-953E-A3A7016C3EB5}"
EndProject
Project("{8BC9CEB8-8B4A-11D0-8D11-00A0C91BC942}") = "ResourceMonitor", "ResourceMonitor\ResourceMonitor.vcxproj", "{29FE4274-F14A-45D6-AD74-2D46D8ED617F}"
EndProject
Project("{8BC9CEB8-8B4A-11D0-8D11-00A0C91BC942}") = "Util", "Util\Util.vcxproj", "{6571ACDD-259A-47DA-A7A8-475B649E37AF}"
EndProject
Project("{8BC9CEB8-8B4A-11D0-8D11-00A0C91BC942}") = "Client", "Client\Client.vcxproj", "{792C4C73-9455-41B9-901B-0E31E8B0CBB9}"
	ProjectSection(ProjectDependencies) = postProject
		{03ADA400-908D-4F06-B4F3-5546655FB50F} = {03ADA400-908D-4F06-B4F3-5546655FB50F}
		{0A3D3204-09C9-404A-953E-A3A7016C3EB5} = {0A3D3204-09C9-404A-953E-A3A7016C3EB5}
		{29FE4274-F14A-45D6-AD74-2D46D8ED617F} = {29FE4274-F14A-45D6-AD74-2D46D8ED617F}
		{6571ACDD-259A-47DA-A7A8-475B649E37AF} = {6571ACDD-259A-47DA-A7A8-475B649E37AF}
	EndProjectSection
EndProject
Project("{8BC9CEB8-8B4A-11D0-8D11-00A0C91BC942}") = "UnitTest", "UnitTest\UnitTest.vcxproj", "{582E5545-20F3-4F1F-A213-C88358F54986}"
	ProjectSection(ProjectDependencies) = postProject
		{03ADA400-908D-4F06-B4F3-5546655FB50F} = {03ADA400-908D-4F06-B4F3-5546655FB50F}
		{0A3D3204-09C9-404A-953E-A3A7016C3EB5} = {0A3D3204-09C9-404A-953E-A3A7016C3EB5}
	EndProjectSection
EndProject
Global
	GlobalSection(SolutionConfigurationPlatforms) = preSolution
		Debug|x64 = Debug|x64
		Debug|x86 = Debug|x86
		Release|x64 = Release|x64
		Release|x86 = Release|x86
	EndGlobalSection
	GlobalSection(ProjectConfigurationPlatforms) = postSolution
		{9B7832EC-0D4D-44E6-B896-FE9D918CD2C9}.Debug|x64.ActiveCfg = Debug|x64
		{9B7832EC-0D4D-44E6-B896-FE9D918CD2C9}.Debug|x64.Build.0 = Debug|x64
		{9B7832EC-0D4D-44E6-B896-FE9D918CD2C9}.Debug|x86.ActiveCfg = Debug|Win32
		{9B7832EC-0D4D-44E6-B896-FE9D918CD2C9}.Debug|x86.Build.0 = Debug|Win32
		{9B7832EC-0D4D-44E6-B896-FE9D918CD2C9}.Release|x64.ActiveCfg = Release|x64
		{9B7832EC-0D4D-44E6-B896-FE9D918CD2C9}.Release|x64.Build.0 = Release|x64
		{9B7832EC-0D4D-44E6-B896-FE9D918CD2C9}.Release|x86.ActiveCfg = Release|Win32
		{9B7832EC-0D4D-44E6-B896-FE9D918CD2C9}.Release|x86.Build.0 = Release|Win32
		{03ADA400-908D-4F06-B4F3-5546655FB50F}.Debug|x64.ActiveCfg = Debug|x64
		{03ADA400-908D-4F06-B4F3-5546655FB50F}.Debug|x64.Build.0 = Debug|x64
		{03ADA400-908D-4F06-B4F3-5546655FB50F}.Debug|x86.ActiveCfg = Debug|Win32
		{03ADA400-908D-4F06-B4F3-5546655FB50F}.Debug|x86.Build.0 = Debug|Win32
		{03ADA400-908D-4F06-B4F3-5546655FB50F}.Release|x64.ActiveCfg = Release|x64
		{03ADA400-908D-4F06-B4F3-5546655FB50F}.Release|x64.Build.0 = Release|x64
		{03ADA400-908D-4F06-B4F3-5546655FB50F}.Release|x86.ActiveCfg = Release|Win32
		{03ADA400-908D-4F06-B4F3-5546655FB50F}.Release|x86.Build.0 = Release|Win32
		{2CCEADCF-1688-42A1-9126-FB25F8EFB3BA}.Debug|x64.ActiveCfg = Debug|x64
		{2CCEADCF-1688-42A1-9126-FB25F8EFB3BA}.Debug|x64.Build.0 = Debug|x64
		{2CCEADCF-1688-42A1-9126-FB25F8EFB3BA}.Debug|x86.ActiveCfg = Debug|Win32
		{2CCEADCF-1688-42A1-9126-FB25F8EFB3BA}.Debug|x86.Build.0 = Debug|Win32
		{2CCEADCF-1688-42A1-9126-FB25F8EFB3BA}.Release|x64.ActiveCfg = Release|x64
		{2CCEADCF-1688-42A1-9126-FB25F8EFB3BA}.Release|x64.Build.0 = Release|x64
		{2CCEADCF-1688-42A1-9126-FB25F8EFB3BA}.Release|x86.ActiveCfg = Release|Win32
		{2CCEADCF-1688-42A1-9126-FB25F8EFB3BA}.Release|x86.Build.0 = Release|Win32
		{0A3D3204-09C9-404A-953E-A3A7016C3EB5}.Debug|x64.ActiveCfg = Debug|x64
		{0A3D3204-09C9-404A-953E-A3A7016C3EB5}.Debug|x64.Build.0 = Debug|x64
		{0A3D3204-09C9-404A-953E-A3A7016C3EB5}.Debug|x86.ActiveCfg = Debug|Win32
		{0A3D3204-09C9-404A-953E-A3A7016C3EB5}.Debug|x86.Build.0 = Debug|Win32
		{0A3D3204-09C9-404A-953E-A3A7016C3EB5}.Release|x64.ActiveCfg = Release|x64
		{0A3D3204-09C9-404A-953E-A3A7016C3EB5}.Release|x64.Build.0 = Release|x64
		{0A3D3204-09C9-404A-953E-A3A7016C3EB5}.Release|x86.ActiveCfg = Release|Win32
		{0A3D3204-09C9-404A-953E-A3A7016C3EB5}.Release|x86.Build.0 = Release|Win32
		{29FE4274-F14A-45D6-AD74-2D46D8ED617F}.Debug|x64.ActiveCfg = Debug|x64
		{29FE4274-F14A-45D6-AD74-2D46D8ED617F}.Debug|x64.Build.0 = Debug|x64
		{29FE4274-F14A-45D6-AD74-2D46D8ED617F}.Debug|x86.ActiveCfg = Debug|Win32
		{29FE4274-F14A-45D6-AD74-2D46D8ED617F}.Debug|x86.Build.0 = Debug|Win32
		{29FE4274-F14A-45D6-AD74-2D46D8ED617F}.Release|x64.ActiveCfg = Release|x64
		{29FE4274-F14A-45D6-AD74-2D46D8ED617F}.Release|x64.Build.0 = Release|x64
		{29FE4274-F14A-45D6-AD74-2D46D8ED617F}.Release|x86.ActiveCfg = Release|Win32
		{29FE4274-F14A-45D6-AD74-2D46D8ED617F}.Release|x86.Build.0 = Release|Win32
		{6571ACDD-259A-47DA-A7A8-475B649E37AF}.Debug|x64.ActiveCfg = Debug|x64
		{6571ACDD-259A-47DA-A7A8-475B649E37AF}.Debug|x64.Build.0 = Debug|x64
		{6571ACDD-259A-47DA-A7A8-475B649E37AF}.Debug|x86.ActiveCfg = Debug|Win32
		{6571ACDD-259A-47DA-A7A8-475B649E37AF}.Debug|x86.Build.0 = Debug|Win32
		{6571ACDD-259A-47DA-A7A8-475B649E37AF}.Release|x64.ActiveCfg = Release|x64
		{6571ACDD-259A-47DA-A7A8-475B649E37AF}.Release|x64.Build.0 = Release|x64
		{6571ACDD-259A-47DA-A7A8-475B649E37AF}.Release|x86.ActiveCfg = Release|Win32
		{6571ACDD-259A-47DA-A7A8-475B649E37AF}.Release|x86.Build.0 = Release|Win32
		{792C4C73-9455-41B9-901B-0E31E8B0CBB9}.Debug|x64.ActiveCfg = Debug|x64
		{792C4C73-9455-41B9-901B-0E31E8B0CBB9}.Debug|x64.Build.0 = Debug|x64
		{792C4C73-9455-41B9-901B-0E31E8B0CBB9}.Debug|x86.ActiveCfg = Debug|Win32
		{792C4C73-9455-41B9-901B-0E31E8B0CBB9}.Debug|x86.Build.0 = Debug|Win32
		{792C4C73-9455-41B9-901B-0E31E8B0CBB9}.Release|x64.ActiveCfg = Release|x64
		{792C4C73-9455-41B9-901B-0E31E8B0CBB9}.Release|x64.Build.0 = Release|x64
		{792C4C73-9455-41B9-901B-0E31E8B0CBB9}.Release|x86.ActiveCfg = Release|Win32
		{792C4C73-9455-41B9-901B-0E31E8B0CBB9}.Release|x86.Build.0 = Release|Win32
		{582E5545-20F3-4F1F-A213-C88358F54986}.Debug|x64.ActiveCfg = Debug|x64
		{582E5545-20F3-4F1F-A213-C88358F54986}.Debug|x64.Build.0 = Debug|x64
		{582E5545-20F3-4F1F-A213-C88358F54986}.Debug|x86.ActiveCfg = Debug|Win32
		{582E5545-20F3-4F1F-A213-C88358F54986}.Debug|x86.Build.0 = Debug|Win32
		{582E5545-20F3-4F1F-A213-C88358F54986}.Release|x64.ActiveCfg = Release|x64
		{582E5545-20F3-4F1F-A213-C88358F54986}.Release|x64.Build.0 = Release|x64
		{582E5545-20F3-4F1F-A213-C88358F54986}.Release|x86.ActiveCfg = Release|Win32
		{582E5545-20F3-4F1F-A213-C88358F54986}.Release|x86.Build.0 = Release|Win32
	EndGlobalSection
	GlobalSection(SolutionProperties) = preSolution
		HideSolutionNode = FALSE
	EndGlobalSection
EndGlobal
